github.com/Avalanche-io/c4 v0.8.1 h1:ORfaSwha4htPoHhgB6qAI1qwLOWxC/oR6CNfUvemNuQ=
github.com/Avalanche-io/c4 v0.8.1/go.mod h1:p8cbeFJGUx1eQXQclWCkocf3fx0JXtaUTjEn9mTQZEg=
github.com/absfs/absfs v0.0.0-20200602175035-e49edc9fef15/go.mod h1:EcuvbVuyyWyu+g4ACjKzyUypG60qSvorqC/hjByBEqY=
github.com/absfs/absfs v0.0.0-20251109181304-77e2f9ac4448 h1:uN3Q47kmtV6TIGHZbrCbCf68jWmYDWyTcqq5JuoyON4=
github.com/absfs/absfs v0.0.0-20251109181304-77e2f9ac4448/go.mod h1:IvFD36FQcMxLLZNhs2Lms+Uosc0G3AJ2JHOJIz8E5d8=
github.com/absfs/basefs v0.0.0-20251122191037-15af6582251b h1:w5xVEXlSWGLTXd051Qe1N6Ve0kh6oMoeccLa/5Sx8Pk=
github.com/absfs/basefs v0.0.0-20251122191037-15af6582251b/go.mod h1:2fQY+Bsq4DPh2MMiAqgQtnkf892ZBrM0liDYN29R6ts=
github.com/absfs/fstesting v0.0.0-20180810212821-8b575cdeb80d h1:EVkAQkoP/iYX7WpkSgaSkHr5AgDdzxR06Hmy+bu4YpU=
github.com/absfs/fstesting v0.0.0-20180810212821-8b575cdeb80d/go.mod h1:Ib9xUBFJeggV+KCP6/90/ymnt4Siu6V1vBFJrrT1y/s=
github.com/absfs/inode v0.0.0-20190804195220-b7cd14cdd0dc h1:KjciuTgBUzV6RfeVLd/Ijhy9Iq7z0JoJ44te3fZaaNE=
github.com/absfs/inode v0.0.0-20190804195220-b7cd14cdd0dc/go.mod h1:lc9vQxyCSyrjclBTgazRvacmElJLj7VfpDmgDnL77o0=
github.com/absfs/ioutil v0.0.0-20180730202941-e848c1afe5fd h1:tu80ho3Hdki5q0NacPpSzfoQTGLzFwKAeMkWaWMrs1Y=
github.com/absfs/ioutil v0.0.0-20180730202941-e848c1afe5fd/go.mod h1:z8c6qOcdBQh02ea5CWv/w80VDvVLdypDEpiZJeslGSc=
github.com/absfs/memfs v0.0.0-20251122223403-0826c6ce3884 h1:A2+eVMTuCed7SIxqGvWchjKoOHHIFD0An771dYDejqQ=
github.com/absfs/memfs v0.0.0-20251122223403-0826c6ce3884/go.mod h1:ITY8mYr6yHK7ZTNblu5zQk33tMIRaJhoa+YX8/talDk=
github.com/absfs/osfs v0.0.0-20220705103527-80b6215cf130 h1:kehuUUalOBgwPkBRRW7/hX7b6VeB4Ed0iKX2z2wwqQA=
github.com/absfs/osfs v0.0.0-20220705103527-80b6215cf130/go.mod h1:IIzwVILCbb3j0VHjcAQ7Xwpdz1h57eUzZil7DCIel/c=
github.com/dustin/go-humanize v1.0.1 h1:GzkhY7T5VNhEkwH0PVJgjz+fX1rhBrR7pRT3mDkpeCY=
github.com/dustin/go-humanize v1.0.1/go.mod h1:Mu1zIs6XwVuF/gI1OepvI0qD18qycQx+mFykh5fBlto=
github.com/fatih/color v1.12.0 h1:mRhaKNwANqRgUBGKmnI5ZxEk7QXmjQeCcuYFMX2bfcc=
github.com/fatih/color v1.12.0/go.mod h1:ELkj/draVOlAH/xkhN6mQ50Qd0MPOk5AAr3maGEBuJM=
github.com/mattn/go-colorable v0.1.8 h1:c1ghPdyEDarC70ftn0y+A/Ee++9zz8ljHG1b13eJ0s8=
github.com/mattn/go-colorable v0.1.8/go.mod h1:u6P/XSegPjTcexA+o6vUJrdnUu04hMope9wVRipJSqc=
github.com/mattn/go-isatty v0.0.12 h1:wuysRhFDzyxgEmMf5xjvJ2M9dZoWAXNNr5LSBS7uHXY=
github.com/mattn/go-isatty v0.0.12/go.mod h1:cbi8OIDigv2wuxKPP5vlRcQ1OAZbq2CE4Kysco4FUpU=
github.com/xtgo/set v1.0.0 h1:6BCNBRv3ORNDQ7fyoJXRv+tstJz3m1JVFQErfeZz2pY=
github.com/xtgo/set v1.0.0/go.mod h1:d3NHzGzSa0NmB2NhFyECA+QdRp29oEn2xbT+TpeFoM8=
golang.org/x/sys v0.0.0-20200116001909-b77594299b42/go.mod h1:h1NjWce9XRLGQEsW7wpKNCjG9DtNlClVuFLEZdDNbEs=
golang.org/x/sys v0.0.0-20200223170610-d5e6a3e2c0ae/go.mod h1:h1NjWce9XRLGQEsW7wpKNCjG9DtNlClVuFLEZdDNbEs=
golang.org/x/sys v0.34.0 h1:H5Y5sJ2L2JRdyv7ROF1he/lPdvFsd0mJHFw2ThKHxLA=
golang.org/x/sys v0.34.0/go.mod h1:BJP2sWEmIv4KK5OTEluFJCKSidICx8ciO85XgH3Ak8k=
