github.com/absfs/absfs v0.9.0 h1:x4QElpUqVRhflmLAMgOazqhxH2n4nBBht+SfryzZbSs=
github.com/absfs/absfs v0.9.0/go.mod h1:IvFD36FQcMxLLZNhs2Lms+Uosc0G3AJ2JHOJIz8E5d8=
github.com/absfs/fstesting v0.0.0-20251207022242-d748a85c4a1e h1:dDZ7wOdCl09grFSNPU+XlZW/NOk5+XeTt/vXOTH2Uz4=
github.com/absfs/fstesting v0.0.0-20251207022242-d748a85c4a1e/go.mod h1:k+GNl+VG/teXQBkCH5vt+gzPtkDCQTjX+hTgpDnnqEs=
github.com/absfs/inode v0.9.0 h1:v0Y7kZOB57RAGmVcYZ33gJ3TbOXrQ82NBmpj0AsPqSA=
github.com/absfs/inode v0.9.0/go.mod h1:98Uz4QOknMBXXWwXUIs2TzSwuz+9mbSAKASbwF1eld8=
github.com/absfs/memfs v0.9.0 h1:GXOdBisbGn+Gh6CJgSFegnXj6sP5FaxvmNuNUCtvrL4=
github.com/absfs/memfs v0.9.0/go.mod h1:dNe5HMwvvHArOSldYtiz0+5dEdXhn2hiIvKE6dNxjww=
github.com/absfs/osfs v0.9.0 h1:m+ghK/Rm8wy4Igh3q1/NaKfn4FB4c3JDLUR3xc5WhRg=
github.com/absfs/osfs v0.9.0/go.mod h1:+px65GE5dQ106nLQGhghkHE8cTp440Tihz+wpnQ+jPs=
